# This file is automatically @generated by Wally.
# It is not intended for manual editing.
registry = "test"

[[package]]
name = "7kayoh/say"
version = "0.1.0"
dependencies = [["Dash", "ukendio/dash@0.1.9"], ["Signal", "sleitnick/signal@2.0.1"], ["Symbol", "jsdotlua/symbol-luau@1.0.1"]]

[[package]]
name = "jsdotlua/symbol-luau"
version = "1.0.1"
dependencies = []

[[package]]
name = "sleitnick/signal"
version = "2.0.1"
dependencies = []

[[package]]
name = "ukendio/dash"
version = "0.1.9"
dependencies = []
